{
    "name": "smart-crud",
    "version": "0.0.1",
    "lockfileVersion": 1,
    "requires": true,
    "dependencies": {
        "colors": {
            "version": "1.3.0",
            "resolved": "https://registry.npmjs.org/colors/-/colors-1.3.0.tgz",
            "integrity": "sha512-EDpX3a7wHMWFA7PUHWPHNWqOxIIRSJetuwl0AS5Oi/5FMV8kWm69RTlgm00GKjBO1xFHMtBbL49yRtMMdticBw=="
        },
        "readline-sync": {
            "version": "1.4.9",
            "resolved": "https://registry.npmjs.org/readline-sync/-/readline-sync-1.4.9.tgz",
            "integrity": "sha1-PtqOZfI80qF+YTAbHwADOWr17No="
        },
        "toloframework-permissive-json": {
            "version": "1.0.5",
            "resolved": "https://registry.npmjs.org/toloframework-permissive-json/-/toloframework-permissive-json-1.0.5.tgz",
            "integrity": "sha512-Q+lbeUmoO+vfOKP6TIRZBY8bxOkUQYJOsx7EjDSromZS6BxxAQAkN/qJUKzD4aqsp0hMrBVNpn3//ysW0s9m1g=="
        }
    }
}
